{
  "name": "One111",
  "version": "1.0.0",
  "lockfileVersion": 2,
  "requires": true,
  "packages": {
    "": {
      "devDependencies": {
        "webp-converter": "^2.2.3"
      }
    },
    "node_modules/webp-converter": {
      "version": "2.2.3",
      "resolved": "https://registry.npmjs.org/webp-converter/-/webp-converter-2.2.3.tgz",
      "integrity": "sha512-ROjdJNNJlqYX5cDQ0XO7ae9AD9asmYAR2nX2Y7ix1SA/hsWbdEAoL61ApqOPvoGZHldHq+yOhmRYlrTNBBcAMA==",
      "dev": true
    }
  },
  "dependencies": {
    "webp-converter": {
      "version": "2.2.3",
      "resolved": "https://registry.npmjs.org/webp-converter/-/webp-converter-2.2.3.tgz",
      "integrity": "sha512-ROjdJNNJlqYX5cDQ0XO7ae9AD9asmYAR2nX2Y7ix1SA/hsWbdEAoL61ApqOPvoGZHldHq+yOhmRYlrTNBBcAMA==",
      "dev": true
    }
  }
}
